
Microsoft Visual Studio Solution File, Format Version 12.00
# Visual Studio Version 16
VisualStudioVersion = 16.0.31402.337
MinimumVisualStudioVersion = 10.0.40219.1
Project("{FAE04EC0-301F-11D3-BF4B-00C04F79EFBC}") = "Zadanie1", "Zadanie1\Zadanie1.csproj", "{BAB304EB-2D05-47AF-A3D8-31C265436750}"
EndProject
Global
	GlobalSection(SolutionConfigurationPlatforms) = preSolution
		Debug|Any CPU = Debug|Any CPU
		Release|Any CPU = Release|Any CPU
	EndGlobalSection
	GlobalSection(ProjectConfigurationPlatforms) = postSolution
		{BAB304EB-2D05-47AF-A3D8-31C265436750}.Debug|Any CPU.ActiveCfg = Debug|Any CPU
		{BAB304EB-2D05-47AF-A3D8-31C265436750}.Debug|Any CPU.Build.0 = Debug|Any CPU
		{BAB304EB-2D05-47AF-A3D8-31C265436750}.Release|Any CPU.ActiveCfg = Release|Any CPU
		{BAB304EB-2D05-47AF-A3D8-31C265436750}.Release|Any CPU.Build.0 = Release|Any CPU
	EndGlobalSection
	GlobalSection(SolutionProperties) = preSolution
		HideSolutionNode = FALSE
	EndGlobalSection
	GlobalSection(ExtensibilityGlobals) = postSolution
		SolutionGuid = {0E29C493-0689-4996-9735-055E21E21CC1}
	EndGlobalSection
EndGlobal
